
Microsoft Visual Studio Solution File, Format Version 12.00
# Visual Studio Version 16
VisualStudioVersion = 16.0.29418.71
MinimumVisualStudioVersion = 10.0.40219.1
Project("{FAE04EC0-301F-11D3-BF4B-00C04F79EFBC}") = "Cuneiform", "Cuneiform.csproj", "{93E1EB0B-7FF3-4C66-A082-AC9A433E31D7}"
EndProject
Project("{9A19103F-16F7-4668-BE54-9A1E7A4F7556}") = "Sargon", "..\..\Sargon2\Sargon.csproj", "{7F78492E-63B1-45D2-983B-037B458CD2AA}"
EndProject
Project("{9A19103F-16F7-4668-BE54-9A1E7A4F7556}") = "Ur", "..\..\Ur\Ur.csproj", "{295B4023-5EC9-442A-87CC-03763437DA6A}"
EndProject
Global
	GlobalSection(SolutionConfigurationPlatforms) = preSolution
		Debug|Any CPU = Debug|Any CPU
		Release|Any CPU = Release|Any CPU
	EndGlobalSection
	GlobalSection(ProjectConfigurationPlatforms) = postSolution
		{93E1EB0B-7FF3-4C66-A082-AC9A433E31D7}.Debug|Any CPU.ActiveCfg = Debug|Any CPU
		{93E1EB0B-7FF3-4C66-A082-AC9A433E31D7}.Debug|Any CPU.Build.0 = Debug|Any CPU
		{93E1EB0B-7FF3-4C66-A082-AC9A433E31D7}.Release|Any CPU.ActiveCfg = Release|Any CPU
		{93E1EB0B-7FF3-4C66-A082-AC9A433E31D7}.Release|Any CPU.Build.0 = Release|Any CPU
		{7F78492E-63B1-45D2-983B-037B458CD2AA}.Debug|Any CPU.ActiveCfg = Debug|Any CPU
		{7F78492E-63B1-45D2-983B-037B458CD2AA}.Debug|Any CPU.Build.0 = Debug|Any CPU
		{7F78492E-63B1-45D2-983B-037B458CD2AA}.Release|Any CPU.ActiveCfg = Release|Any CPU
		{7F78492E-63B1-45D2-983B-037B458CD2AA}.Release|Any CPU.Build.0 = Release|Any CPU
		{295B4023-5EC9-442A-87CC-03763437DA6A}.Debug|Any CPU.ActiveCfg = Debug|Any CPU
		{295B4023-5EC9-442A-87CC-03763437DA6A}.Debug|Any CPU.Build.0 = Debug|Any CPU
		{295B4023-5EC9-442A-87CC-03763437DA6A}.Release|Any CPU.ActiveCfg = Release|Any CPU
		{295B4023-5EC9-442A-87CC-03763437DA6A}.Release|Any CPU.Build.0 = Release|Any CPU
	EndGlobalSection
	GlobalSection(SolutionProperties) = preSolution
		HideSolutionNode = FALSE
	EndGlobalSection
	GlobalSection(ExtensibilityGlobals) = postSolution
		SolutionGuid = {1A03D49E-F0AD-474B-BC3B-EF19ECF99EBC}
	EndGlobalSection
EndGlobal
